
Microsoft Visual Studio Solution File, Format Version 12.00
# Visual Studio Version 17
VisualStudioVersion = 17.7.34031.279
MinimumVisualStudioVersion = 10.0.40219.1
Project("{FAE04EC0-301F-11D3-BF4B-00C04F79EFBC}") = "OopInheritance", "OopInheritance.csproj", "{6669CE12-660A-4B1A-AD94-05023EC0428F}"
EndProject
Project("{FAE04EC0-301F-11D3-BF4B-00C04F79EFBC}") = "OopInheritance.FilesLibrary", "..\OopInheritance.FilesLibrary\OopInheritance.FilesLibrary.csproj", "{B2F4D3B6-5887-4CC9-A40D-90183B60525E}"
EndProject
Project("{FAE04EC0-301F-11D3-BF4B-00C04F79EFBC}") = "OopInheritance.AbstractMembers", "..\OopInheritance.AbstractMembers\OopInheritance.AbstractMembers.csproj", "{6F101A88-2952-4052-AB9F-9E446A1044B7}"
EndProject
Global
	GlobalSection(SolutionConfigurationPlatforms) = preSolution
		Debug|Any CPU = Debug|Any CPU
		Release|Any CPU = Release|Any CPU
	EndGlobalSection
	GlobalSection(ProjectConfigurationPlatforms) = postSolution
		{6669CE12-660A-4B1A-AD94-05023EC0428F}.Debug|Any CPU.ActiveCfg = Debug|Any CPU
		{6669CE12-660A-4B1A-AD94-05023EC0428F}.Debug|Any CPU.Build.0 = Debug|Any CPU
		{6669CE12-660A-4B1A-AD94-05023EC0428F}.Release|Any CPU.ActiveCfg = Release|Any CPU
		{6669CE12-660A-4B1A-AD94-05023EC0428F}.Release|Any CPU.Build.0 = Release|Any CPU
		{B2F4D3B6-5887-4CC9-A40D-90183B60525E}.Debug|Any CPU.ActiveCfg = Debug|Any CPU
		{B2F4D3B6-5887-4CC9-A40D-90183B60525E}.Debug|Any CPU.Build.0 = Debug|Any CPU
		{B2F4D3B6-5887-4CC9-A40D-90183B60525E}.Release|Any CPU.ActiveCfg = Release|Any CPU
		{B2F4D3B6-5887-4CC9-A40D-90183B60525E}.Release|Any CPU.Build.0 = Release|Any CPU
		{6F101A88-2952-4052-AB9F-9E446A1044B7}.Debug|Any CPU.ActiveCfg = Debug|Any CPU
		{6F101A88-2952-4052-AB9F-9E446A1044B7}.Debug|Any CPU.Build.0 = Debug|Any CPU
		{6F101A88-2952-4052-AB9F-9E446A1044B7}.Release|Any CPU.ActiveCfg = Release|Any CPU
		{6F101A88-2952-4052-AB9F-9E446A1044B7}.Release|Any CPU.Build.0 = Release|Any CPU
	EndGlobalSection
	GlobalSection(SolutionProperties) = preSolution
		HideSolutionNode = FALSE
	EndGlobalSection
	GlobalSection(ExtensibilityGlobals) = postSolution
		SolutionGuid = {C7B1028B-F44D-4EAD-81B5-CEE1286C97C1}
	EndGlobalSection
EndGlobal
